// !$*UTF8*$!
{
	archiveVersion = 1;
	classes = {
	};
	objectVersion = 48;
	objects = {

/* Begin PBXBuildFile section */
		0B105716202E7BA8006A2DB9 /* AppDelegate.swift in Sources */ = {isa = PBXBuildFile; fileRef = 0B105715202E7BA8006A2DB9 /* AppDelegate.swift */; };
		0B105718202E7BA8006A2DB9 /* LoginViewController.swift in Sources */ = {isa = PBXBuildFile; fileRef = 0B105717202E7BA8006A2DB9 /* LoginViewController.swift */; };
		0B10571B202E7BA8006A2DB9 /* Main.storyboard in Resources */ = {isa = PBXBuildFile; fileRef = 0B105719202E7BA8006A2DB9 /* Main.storyboard */; };
		0B10571E202E7BA8006A2DB9 /* Sports_Club.xcdatamodeld in Sources */ = {isa = PBXBuildFile; fileRef = 0B10571C202E7BA8006A2DB9 /* Sports_Club.xcdatamodeld */; };
		0B105720202E7BA8006A2DB9 /* Assets.xcassets in Resources */ = {isa = PBXBuildFile; fileRef = 0B10571F202E7BA8006A2DB9 /* Assets.xcassets */; };
		0B105723202E7BA8006A2DB9 /* LaunchScreen.storyboard in Resources */ = {isa = PBXBuildFile; fileRef = 0B105721202E7BA8006A2DB9 /* LaunchScreen.storyboard */; };
		0B10572E202E7BA8006A2DB9 /* Sports_ClubTests.swift in Sources */ = {isa = PBXBuildFile; fileRef = 0B10572D202E7BA8006A2DB9 /* Sports_ClubTests.swift */; };
		0B105739202E7BA8006A2DB9 /* Sports_ClubUITests.swift in Sources */ = {isa = PBXBuildFile; fileRef = 0B105738202E7BA8006A2DB9 /* Sports_ClubUITests.swift */; };
		0CF0E0544B7DB89DCEB0F791 /* Pods_Sports_ClubTests.framework in Frameworks */ = {isa = PBXBuildFile; fileRef = 5893B5DE1A65F39B1DF635AA /* Pods_Sports_ClubTests.framework */; };
		A469408D1ED939CFB285645F /* Pods_Sports_Club.framework in Frameworks */ = {isa = PBXBuildFile; fileRef = 092F1DDF81B8E57E3A6FEA65 /* Pods_Sports_Club.framework */; };
		AFBCD6BCEB17A580462EB59B /* Pods_Sports_ClubUITests.framework in Frameworks */ = {isa = PBXBuildFile; fileRef = 22A5682BB203F48CE5A42E06 /* Pods_Sports_ClubUITests.framework */; };
		F968D6E7202F373800F450DC /* GoogleService-Info.plist in Resources */ = {isa = PBXBuildFile; fileRef = F968D6E6202F373800F450DC /* GoogleService-Info.plist */; };
		F9AFA4BF203DBFD9002D7C3A /* Jordan6.jpg in Resources */ = {isa = PBXBuildFile; fileRef = F9AFA4B4203DBFD7002D7C3A /* Jordan6.jpg */; };
		F9AFA4C0203DBFD9002D7C3A /* Jordan8.jpg in Resources */ = {isa = PBXBuildFile; fileRef = F9AFA4B5203DBFD7002D7C3A /* Jordan8.jpg */; };
		F9AFA4C1203DBFD9002D7C3A /* Jordan5.jpg in Resources */ = {isa = PBXBuildFile; fileRef = F9AFA4B6203DBFD7002D7C3A /* Jordan5.jpg */; };
		F9AFA4C2203DBFD9002D7C3A /* Jordan10.jpg in Resources */ = {isa = PBXBuildFile; fileRef = F9AFA4B7203DBFD7002D7C3A /* Jordan10.jpg */; };
		F9AFA4C3203DBFD9002D7C3A /* Jordan3.jpg in Resources */ = {isa = PBXBuildFile; fileRef = F9AFA4B8203DBFD8002D7C3A /* Jordan3.jpg */; };
		F9AFA4C4203DBFD9002D7C3A /* JordanMain.jpg in Resources */ = {isa = PBXBuildFile; fileRef = F9AFA4B9203DBFD8002D7C3A /* JordanMain.jpg */; };
		F9AFA4C5203DBFD9002D7C3A /* Jordan9.jpg in Resources */ = {isa = PBXBuildFile; fileRef = F9AFA4BA203DBFD8002D7C3A /* Jordan9.jpg */; };
		F9AFA4C6203DBFD9002D7C3A /* Jordan2.jpg in Resources */ = {isa = PBXBuildFile; fileRef = F9AFA4BB203DBFD8002D7C3A /* Jordan2.jpg */; };
		F9AFA4C7203DBFD9002D7C3A /* Jordan4.jpg in Resources */ = {isa = PBXBuildFile; fileRef = F9AFA4BC203DBFD8002D7C3A /* Jordan4.jpg */; };
		F9AFA4C8203DBFD9002D7C3A /* Jordan7.jpg in Resources */ = {isa = PBXBuildFile; fileRef = F9AFA4BD203DBFD8002D7C3A /* Jordan7.jpg */; };
		F9AFA4C9203DBFD9002D7C3A /* Jordan1.jpg in Resources */ = {isa = PBXBuildFile; fileRef = F9AFA4BE203DBFD8002D7C3A /* Jordan1.jpg */; };
		F9C00FF120383CC80098752A /* ProfileViewController.swift in Sources */ = {isa = PBXBuildFile; fileRef = F9C00FF020383CC70098752A /* ProfileViewController.swift */; };
		F9C00FF32038562B0098752A /* Images in Resources */ = {isa = PBXBuildFile; fileRef = F9C00FF22038562A0098752A /* Images */; };
		F9CF071D2030372600865739 /* SignupViewController.swift in Sources */ = {isa = PBXBuildFile; fileRef = F9CF071C2030372600865739 /* SignupViewController.swift */; };
/* End PBXBuildFile section */

/* Begin PBXContainerItemProxy section */
		0B10572A202E7BA8006A2DB9 /* PBXContainerItemProxy */ = {
			isa = PBXContainerItemProxy;
			containerPortal = 0B10570A202E7BA8006A2DB9 /* Project object */;
			proxyType = 1;
			remoteGlobalIDString = 0B105711202E7BA8006A2DB9;
			remoteInfo = "Sports Club";
		};
		0B105735202E7BA8006A2DB9 /* PBXContainerItemProxy */ = {
			isa = PBXContainerItemProxy;
			containerPortal = 0B10570A202E7BA8006A2DB9 /* Project object */;
			proxyType = 1;
			remoteGlobalIDString = 0B105711202E7BA8006A2DB9;
			remoteInfo = "Sports Club";
		};
/* End PBXContainerItemProxy section */

/* Begin PBXFileReference section */
		092F1DDF81B8E57E3A6FEA65 /* Pods_Sports_Club.framework */ = {isa = PBXFileReference; explicitFileType = wrapper.framework; includeInIndex = 0; path = Pods_Sports_Club.framework; sourceTree = BUILT_PRODUCTS_DIR; };
		0B105712202E7BA8006A2DB9 /* Sports Club.app */ = {isa = PBXFileReference; explicitFileType = wrapper.application; includeInIndex = 0; path = "Sports Club.app"; sourceTree = BUILT_PRODUCTS_DIR; };
		0B105715202E7BA8006A2DB9 /* AppDelegate.swift */ = {isa = PBXFileReference; lastKnownFileType = sourcecode.swift; path = AppDelegate.swift; sourceTree = "<group>"; };
		0B105717202E7BA8006A2DB9 /* LoginViewController.swift */ = {isa = PBXFileReference; lastKnownFileType = sourcecode.swift; path = LoginViewController.swift; sourceTree = "<group>"; };
		0B10571A202E7BA8006A2DB9 /* Base */ = {isa = PBXFileReference; lastKnownFileType = file.storyboard; name = Base; path = Base.lproj/Main.storyboard; sourceTree = "<group>"; };
		0B10571D202E7BA8006A2DB9 /* Sports_Club.xcdatamodel */ = {isa = PBXFileReference; lastKnownFileType = wrapper.xcdatamodel; path = Sports_Club.xcdatamodel; sourceTree = "<group>"; };
		0B10571F202E7BA8006A2DB9 /* Assets.xcassets */ = {isa = PBXFileReference; lastKnownFileType = folder.assetcatalog; path = Assets.xcassets; sourceTree = "<group>"; };
		0B105722202E7BA8006A2DB9 /* Base */ = {isa = PBXFileReference; lastKnownFileType = file.storyboard; name = Base; path = Base.lproj/LaunchScreen.storyboard; sourceTree = "<group>"; };
		0B105724202E7BA8006A2DB9 /* Info.plist */ = {isa = PBXFileReference; lastKnownFileType = text.plist.xml; path = Info.plist; sourceTree = "<group>"; };
		0B105729202E7BA8006A2DB9 /* Sports ClubTests.xctest */ = {isa = PBXFileReference; explicitFileType = wrapper.cfbundle; includeInIndex = 0; path = "Sports ClubTests.xctest"; sourceTree = BUILT_PRODUCTS_DIR; };
		0B10572D202E7BA8006A2DB9 /* Sports_ClubTests.swift */ = {isa = PBXFileReference; lastKnownFileType = sourcecode.swift; path = Sports_ClubTests.swift; sourceTree = "<group>"; };
		0B10572F202E7BA8006A2DB9 /* Info.plist */ = {isa = PBXFileReference; lastKnownFileType = text.plist.xml; path = Info.plist; sourceTree = "<group>"; };
		0B105734202E7BA8006A2DB9 /* Sports ClubUITests.xctest */ = {isa = PBXFileReference; explicitFileType = wrapper.cfbundle; includeInIndex = 0; path = "Sports ClubUITests.xctest"; sourceTree = BUILT_PRODUCTS_DIR; };
		0B105738202E7BA8006A2DB9 /* Sports_ClubUITests.swift */ = {isa = PBXFileReference; lastKnownFileType = sourcecode.swift; path = Sports_ClubUITests.swift; sourceTree = "<group>"; };
		0B10573A202E7BA8006A2DB9 /* Info.plist */ = {isa = PBXFileReference; lastKnownFileType = text.plist.xml; path = Info.plist; sourceTree = "<group>"; };
		0DE69F1FE502DA36596F3A18 /* Pods-Sports ClubUITests.release.xcconfig */ = {isa = PBXFileReference; includeInIndex = 1; lastKnownFileType = text.xcconfig; name = "Pods-Sports ClubUITests.release.xcconfig"; path = "Pods/Target Support Files/Pods-Sports ClubUITests/Pods-Sports ClubUITests.release.xcconfig"; sourceTree = "<group>"; };
		22A5682BB203F48CE5A42E06 /* Pods_Sports_ClubUITests.framework */ = {isa = PBXFileReference; explicitFileType = wrapper.framework; includeInIndex = 0; path = Pods_Sports_ClubUITests.framework; sourceTree = BUILT_PRODUCTS_DIR; };
		259037C249711639F588270F /* Pods-Sports ClubTests.debug.xcconfig */ = {isa = PBXFileReference; includeInIndex = 1; lastKnownFileType = text.xcconfig; name = "Pods-Sports ClubTests.debug.xcconfig"; path = "Pods/Target Support Files/Pods-Sports ClubTests/Pods-Sports ClubTests.debug.xcconfig"; sourceTree = "<group>"; };
		4C24548D301EE601F6BBDD82 /* Pods-Sports ClubUITests.debug.xcconfig */ = {isa = PBXFileReference; includeInIndex = 1; lastKnownFileType = text.xcconfig; name = "Pods-Sports ClubUITests.debug.xcconfig"; path = "Pods/Target Support Files/Pods-Sports ClubUITests/Pods-Sports ClubUITests.debug.xcconfig"; sourceTree = "<group>"; };
		5893B5DE1A65F39B1DF635AA /* Pods_Sports_ClubTests.framework */ = {isa = PBXFileReference; explicitFileType = wrapper.framework; includeInIndex = 0; path = Pods_Sports_ClubTests.framework; sourceTree = BUILT_PRODUCTS_DIR; };
		5AA525F34C701B899345AF72 /* Pods-Sports ClubTests.release.xcconfig */ = {isa = PBXFileReference; includeInIndex = 1; lastKnownFileType = text.xcconfig; name = "Pods-Sports ClubTests.release.xcconfig"; path = "Pods/Target Support Files/Pods-Sports ClubTests/Pods-Sports ClubTests.release.xcconfig"; sourceTree = "<group>"; };
		A623E04B983AE6440CAA1D05 /* Pods-Sports Club.release.xcconfig */ = {isa = PBXFileReference; includeInIndex = 1; lastKnownFileType = text.xcconfig; name = "Pods-Sports Club.release.xcconfig"; path = "Pods/Target Support Files/Pods-Sports Club/Pods-Sports Club.release.xcconfig"; sourceTree = "<group>"; };
		ED82947AE74D8F3DAC82C0FD /* Pods-Sports Club.debug.xcconfig */ = {isa = PBXFileReference; includeInIndex = 1; lastKnownFileType = text.xcconfig; name = "Pods-Sports Club.debug.xcconfig"; path = "Pods/Target Support Files/Pods-Sports Club/Pods-Sports Club.debug.xcconfig"; sourceTree = "<group>"; };
		F968D6E6202F373800F450DC /* GoogleService-Info.plist */ = {isa = PBXFileReference; fileEncoding = 4; lastKnownFileType = text.plist.xml; path = "GoogleService-Info.plist"; sourceTree = "<group>"; };
		F9AFA4B4203DBFD7002D7C3A /* Jordan6.jpg */ = {isa = PBXFileReference; lastKnownFileType = image.jpeg; name = Jordan6.jpg; path = Assets.xcassets/Jordan6.jpg; sourceTree = "<group>"; };
		F9AFA4B5203DBFD7002D7C3A /* Jordan8.jpg */ = {isa = PBXFileReference; lastKnownFileType = image.jpeg; name = Jordan8.jpg; path = Assets.xcassets/Jordan8.jpg; sourceTree = "<group>"; };
		F9AFA4B6203DBFD7002D7C3A /* Jordan5.jpg */ = {isa = PBXFileReference; lastKnownFileType = image.jpeg; name = Jordan5.jpg; path = Assets.xcassets/Jordan5.jpg; sourceTree = "<group>"; };
		F9AFA4B7203DBFD7002D7C3A /* Jordan10.jpg */ = {isa = PBXFileReference; lastKnownFileType = image.jpeg; name = Jordan10.jpg; path = Assets.xcassets/Jordan10.jpg; sourceTree = "<group>"; };
		F9AFA4B8203DBFD8002D7C3A /* Jordan3.jpg */ = {isa = PBXFileReference; lastKnownFileType = image.jpeg; name = Jordan3.jpg; path = Assets.xcassets/Jordan3.jpg; sourceTree = "<group>"; };
		F9AFA4B9203DBFD8002D7C3A /* JordanMain.jpg */ = {isa = PBXFileReference; lastKnownFileType = image.jpeg; name = JordanMain.jpg; path = Assets.xcassets/JordanMain.jpg; sourceTree = "<group>"; };
		F9AFA4BA203DBFD8002D7C3A /* Jordan9.jpg */ = {isa = PBXFileReference; lastKnownFileType = image.jpeg; name = Jordan9.jpg; path = Assets.xcassets/Jordan9.jpg; sourceTree = "<group>"; };
		F9AFA4BB203DBFD8002D7C3A /* Jordan2.jpg */ = {isa = PBXFileReference; lastKnownFileType = image.jpeg; name = Jordan2.jpg; path = Assets.xcassets/Jordan2.jpg; sourceTree = "<group>"; };
		F9AFA4BC203DBFD8002D7C3A /* Jordan4.jpg */ = {isa = PBXFileReference; lastKnownFileType = image.jpeg; name = Jordan4.jpg; path = Assets.xcassets/Jordan4.jpg; sourceTree = "<group>"; };
		F9AFA4BD203DBFD8002D7C3A /* Jordan7.jpg */ = {isa = PBXFileReference; lastKnownFileType = image.jpeg; name = Jordan7.jpg; path = Assets.xcassets/Jordan7.jpg; sourceTree = "<group>"; };
		F9AFA4BE203DBFD8002D7C3A /* Jordan1.jpg */ = {isa = PBXFileReference; lastKnownFileType = image.jpeg; name = Jordan1.jpg; path = Assets.xcassets/Jordan1.jpg; sourceTree = "<group>"; };
		F9C00FF020383CC70098752A /* ProfileViewController.swift */ = {isa = PBXFileReference; fileEncoding = 4; lastKnownFileType = sourcecode.swift; path = ProfileViewController.swift; sourceTree = "<group>"; };
		F9C00FF22038562A0098752A /* Images */ = {isa = PBXFileReference; lastKnownFileType = folder; path = Images; sourceTree = "<group>"; };
		F9CF071C2030372600865739 /* SignupViewController.swift */ = {isa = PBXFileReference; lastKnownFileType = sourcecode.swift; path = SignupViewController.swift; sourceTree = "<group>"; };
/* End PBXFileReference section */

/* Begin PBXFrameworksBuildPhase section */
		0B10570F202E7BA8006A2DB9 /* Frameworks */ = {
			isa = PBXFrameworksBuildPhase;
			buildActionMask = 2147483647;
			files = (
				A469408D1ED939CFB285645F /* Pods_Sports_Club.framework in Frameworks */,
			);
			runOnlyForDeploymentPostprocessing = 0;
		};
		0B105726202E7BA8006A2DB9 /* Frameworks */ = {
			isa = PBXFrameworksBuildPhase;
			buildActionMask = 2147483647;
			files = (
				0CF0E0544B7DB89DCEB0F791 /* Pods_Sports_ClubTests.framework in Frameworks */,
			);
			runOnlyForDeploymentPostprocessing = 0;
		};
		0B105731202E7BA8006A2DB9 /* Frameworks */ = {
			isa = PBXFrameworksBuildPhase;
			buildActionMask = 2147483647;
			files = (
				AFBCD6BCEB17A580462EB59B /* Pods_Sports_ClubUITests.framework in Frameworks */,
			);
			runOnlyForDeploymentPostprocessing = 0;
		};
/* End PBXFrameworksBuildPhase section */

/* Begin PBXGroup section */
		02814BA60C83140392372275 /* Pods */ = {
			isa = PBXGroup;
			children = (
				ED82947AE74D8F3DAC82C0FD /* Pods-Sports Club.debug.xcconfig */,
				A623E04B983AE6440CAA1D05 /* Pods-Sports Club.release.xcconfig */,
				259037C249711639F588270F /* Pods-Sports ClubTests.debug.xcconfig */,
				5AA525F34C701B899345AF72 /* Pods-Sports ClubTests.release.xcconfig */,
				4C24548D301EE601F6BBDD82 /* Pods-Sports ClubUITests.debug.xcconfig */,
				0DE69F1FE502DA36596F3A18 /* Pods-Sports ClubUITests.release.xcconfig */,
			);
			name = Pods;
			sourceTree = "<group>";
		};
		0B105709202E7BA8006A2DB9 = {
			isa = PBXGroup;
			children = (
				0B105714202E7BA8006A2DB9 /* Sports Club */,
				0B10572C202E7BA8006A2DB9 /* Sports ClubTests */,
				0B105737202E7BA8006A2DB9 /* Sports ClubUITests */,
				0B105713202E7BA8006A2DB9 /* Products */,
				02814BA60C83140392372275 /* Pods */,
				1EFA858E7DD2115C0342D5D5 /* Frameworks */,
			);
			sourceTree = "<group>";
		};
		0B105713202E7BA8006A2DB9 /* Products */ = {
			isa = PBXGroup;
			children = (
				0B105712202E7BA8006A2DB9 /* Sports Club.app */,
				0B105729202E7BA8006A2DB9 /* Sports ClubTests.xctest */,
				0B105734202E7BA8006A2DB9 /* Sports ClubUITests.xctest */,
			);
			name = Products;
			sourceTree = "<group>";
		};
		0B105714202E7BA8006A2DB9 /* Sports Club */ = {
			isa = PBXGroup;
			children = (
				F9C00FF22038562A0098752A /* Images */,
				F9C00FF020383CC70098752A /* ProfileViewController.swift */,
				F968D6E6202F373800F450DC /* GoogleService-Info.plist */,
				0B105715202E7BA8006A2DB9 /* AppDelegate.swift */,
				0B105717202E7BA8006A2DB9 /* LoginViewController.swift */,
				0B105719202E7BA8006A2DB9 /* Main.storyboard */,
				0B10571F202E7BA8006A2DB9 /* Assets.xcassets */,
				F9AFA4BE203DBFD8002D7C3A /* Jordan1.jpg */,
				F9AFA4BB203DBFD8002D7C3A /* Jordan2.jpg */,
				F9AFA4B8203DBFD8002D7C3A /* Jordan3.jpg */,
				F9AFA4BC203DBFD8002D7C3A /* Jordan4.jpg */,
				F9AFA4B6203DBFD7002D7C3A /* Jordan5.jpg */,
				F9AFA4B4203DBFD7002D7C3A /* Jordan6.jpg */,
				F9AFA4BD203DBFD8002D7C3A /* Jordan7.jpg */,
				F9AFA4B5203DBFD7002D7C3A /* Jordan8.jpg */,
				F9AFA4BA203DBFD8002D7C3A /* Jordan9.jpg */,
				F9AFA4B7203DBFD7002D7C3A /* Jordan10.jpg */,
				F9AFA4B9203DBFD8002D7C3A /* JordanMain.jpg */,
				0B105721202E7BA8006A2DB9 /* LaunchScreen.storyboard */,
				0B105724202E7BA8006A2DB9 /* Info.plist */,
				0B10571C202E7BA8006A2DB9 /* Sports_Club.xcdatamodeld */,
				F9CF071C2030372600865739 /* SignupViewController.swift */,
			);
			path = "Sports Club";
			sourceTree = "<group>";
		};
		0B10572C202E7BA8006A2DB9 /* Sports ClubTests */ = {
			isa = PBXGroup;
			children = (
				0B10572D202E7BA8006A2DB9 /* Sports_ClubTests.swift */,
				0B10572F202E7BA8006A2DB9 /* Info.plist */,
			);
			path = "Sports ClubTests";
			sourceTree = "<group>";
		};
		0B105737202E7BA8006A2DB9 /* Sports ClubUITests */ = {
			isa = PBXGroup;
			children = (
				0B105738202E7BA8006A2DB9 /* Sports_ClubUITests.swift */,
				0B10573A202E7BA8006A2DB9 /* Info.plist */,
			);
			path = "Sports ClubUITests";
			sourceTree = "<group>";
		};
		1EFA858E7DD2115C0342D5D5 /* Frameworks */ = {
			isa = PBXGroup;
			children = (
				092F1DDF81B8E57E3A6FEA65 /* Pods_Sports_Club.framework */,
				5893B5DE1A65F39B1DF635AA /* Pods_Sports_ClubTests.framework */,
				22A5682BB203F48CE5A42E06 /* Pods_Sports_ClubUITests.framework */,
			);
			name = Frameworks;
			sourceTree = "<group>";
		};
/* End PBXGroup section */

/* Begin PBXNativeTarget section */
		0B105711202E7BA8006A2DB9 /* Sports Club */ = {
			isa = PBXNativeTarget;
			buildConfigurationList = 0B10573D202E7BA8006A2DB9 /* Build configuration list for PBXNativeTarget "Sports Club" */;
			buildPhases = (
				926C161F393951C5648E98DD /* [CP] Check Pods Manifest.lock */,
				0B10570E202E7BA8006A2DB9 /* Sources */,
				0B10570F202E7BA8006A2DB9 /* Frameworks */,
				0B105710202E7BA8006A2DB9 /* Resources */,
				2A46A6047259CF30DDA3F85B /* [CP] Embed Pods Frameworks */,
				D1BCDD642762511969D322D7 /* [CP] Copy Pods Resources */,
			);
			buildRules = (
			);
			dependencies = (
			);
			name = "Sports Club";
			productName = "Sports Club";
			productReference = 0B105712202E7BA8006A2DB9 /* Sports Club.app */;
			productType = "com.apple.product-type.application";
		};
		0B105728202E7BA8006A2DB9 /* Sports ClubTests */ = {
			isa = PBXNativeTarget;
			buildConfigurationList = 0B105740202E7BA8006A2DB9 /* Build configuration list for PBXNativeTarget "Sports ClubTests" */;
			buildPhases = (
				41EF5862F8793D8066088496 /* [CP] Check Pods Manifest.lock */,
				0B105725202E7BA8006A2DB9 /* Sources */,
				0B105726202E7BA8006A2DB9 /* Frameworks */,
				0B105727202E7BA8006A2DB9 /* Resources */,
				B1FB98ECF1DA44A726BA84CD /* [CP] Embed Pods Frameworks */,
				50BD364F03ABEDB5495FEB84 /* [CP] Copy Pods Resources */,
			);
			buildRules = (
			);
			dependencies = (
				0B10572B202E7BA8006A2DB9 /* PBXTargetDependency */,
			);
			name = "Sports ClubTests";
			productName = "Sports ClubTests";
			productReference = 0B105729202E7BA8006A2DB9 /* Sports ClubTests.xctest */;
			productType = "com.apple.product-type.bundle.unit-test";
		};
		0B105733202E7BA8006A2DB9 /* Sports ClubUITests */ = {
			isa = PBXNativeTarget;
			buildConfigurationList = 0B105743202E7BA8006A2DB9 /* Build configuration list for PBXNativeTarget "Sports ClubUITests" */;
			buildPhases = (
				2EAF6CBF4BC7D97ADB1822C6 /* [CP] Check Pods Manifest.lock */,
				0B105730202E7BA8006A2DB9 /* Sources */,
				0B105731202E7BA8006A2DB9 /* Frameworks */,
				0B105732202E7BA8006A2DB9 /* Resources */,
				08A56CE132EFC28D00452B2A /* [CP] Embed Pods Frameworks */,
				CB795D5BD253065F1DFCA797 /* [CP] Copy Pods Resources */,
			);
			buildRules = (
			);
			dependencies = (
				0B105736202E7BA8006A2DB9 /* PBXTargetDependency */,
			);
			name = "Sports ClubUITests";
			productName = "Sports ClubUITests";
			productReference = 0B105734202E7BA8006A2DB9 /* Sports ClubUITests.xctest */;
			productType = "com.apple.product-type.bundle.ui-testing";
		};
/* End PBXNativeTarget section */

/* Begin PBXProject section */
		0B10570A202E7BA8006A2DB9 /* Project object */ = {
			isa = PBXProject;
			attributes = {
				LastSwiftUpdateCheck = 0920;
				LastUpgradeCheck = 0920;
				ORGANIZATIONNAME = UsteSports;
				TargetAttributes = {
					0B105711202E7BA8006A2DB9 = {
						CreatedOnToolsVersion = 9.2;
						ProvisioningStyle = Automatic;
					};
					0B105728202E7BA8006A2DB9 = {
						CreatedOnToolsVersion = 9.2;
						ProvisioningStyle = Automatic;
						TestTargetID = 0B105711202E7BA8006A2DB9;
					};
					0B105733202E7BA8006A2DB9 = {
						CreatedOnToolsVersion = 9.2;
						ProvisioningStyle = Automatic;
						TestTargetID = 0B105711202E7BA8006A2DB9;
					};
				};
			};
			buildConfigurationList = 0B10570D202E7BA8006A2DB9 /* Build configuration list for PBXProject "Sports Club" */;
			compatibilityVersion = "Xcode 8.0";
			developmentRegion = en;
			hasScannedForEncodings = 0;
			knownRegions = (
				en,
				Base,
			);
			mainGroup = 0B105709202E7BA8006A2DB9;
			productRefGroup = 0B105713202E7BA8006A2DB9 /* Products */;
			projectDirPath = "";
			projectRoot = "";
			targets = (
				0B105711202E7BA8006A2DB9 /* Sports Club */,
				0B105728202E7BA8006A2DB9 /* Sports ClubTests */,
				0B105733202E7BA8006A2DB9 /* Sports ClubUITests */,
			);
		};
/* End PBXProject section */

/* Begin PBXResourcesBuildPhase section */
		0B105710202E7BA8006A2DB9 /* Resources */ = {
			isa = PBXResourcesBuildPhase;
			buildActionMask = 2147483647;
			files = (
				F9AFA4C4203DBFD9002D7C3A /* JordanMain.jpg in Resources */,
				F9AFA4C2203DBFD9002D7C3A /* Jordan10.jpg in Resources */,
				F9AFA4C7203DBFD9002D7C3A /* Jordan4.jpg in Resources */,
				F9AFA4C0203DBFD9002D7C3A /* Jordan8.jpg in Resources */,
				F9AFA4BF203DBFD9002D7C3A /* Jordan6.jpg in Resources */,
				F9AFA4C3203DBFD9002D7C3A /* Jordan3.jpg in Resources */,
				F9C00FF32038562B0098752A /* Images in Resources */,
				0B105723202E7BA8006A2DB9 /* LaunchScreen.storyboard in Resources */,
				F968D6E7202F373800F450DC /* GoogleService-Info.plist in Resources */,
				F9AFA4C9203DBFD9002D7C3A /* Jordan1.jpg in Resources */,
				F9AFA4C8203DBFD9002D7C3A /* Jordan7.jpg in Resources */,
				F9AFA4C1203DBFD9002D7C3A /* Jordan5.jpg in Resources */,
				F9AFA4C5203DBFD9002D7C3A /* Jordan9.jpg in Resources */,
				0B105720202E7BA8006A2DB9 /* Assets.xcassets in Resources */,
				F9AFA4C6203DBFD9002D7C3A /* Jordan2.jpg in Resources */,
				0B10571B202E7BA8006A2DB9 /* Main.storyboard in Resources */,
			);
			runOnlyForDeploymentPostprocessing = 0;
		};
		0B105727202E7BA8006A2DB9 /* Resources */ = {
			isa = PBXResourcesBuildPhase;
			buildActionMask = 2147483647;
			files = (
			);
			runOnlyForDeploymentPostprocessing = 0;
		};
		0B105732202E7BA8006A2DB9 /* Resources */ = {
			isa = PBXResourcesBuildPhase;
			buildActionMask = 2147483647;
			files = (
			);
			runOnlyForDeploymentPostprocessing = 0;
		};
/* End PBXResourcesBuildPhase section */

/* Begin PBXShellScriptBuildPhase section */
		08A56CE132EFC28D00452B2A /* [CP] Embed Pods Frameworks */ = {
			isa = PBXShellScriptBuildPhase;
			buildActionMask = 2147483647;
			files = (
			);
			inputPaths = (
			);
			name = "[CP] Embed Pods Frameworks";
			outputPaths = (
			);
			runOnlyForDeploymentPostprocessing = 0;
			shellPath = /bin/sh;
			shellScript = "\"${SRCROOT}/Pods/Target Support Files/Pods-Sports ClubUITests/Pods-Sports ClubUITests-frameworks.sh\"\n";
			showEnvVarsInLog = 0;
		};
		2A46A6047259CF30DDA3F85B /* [CP] Embed Pods Frameworks */ = {
			isa = PBXShellScriptBuildPhase;
			buildActionMask = 2147483647;
			files = (
			);
			inputPaths = (
				"${SRCROOT}/Pods/Target Support Files/Pods-Sports Club/Pods-Sports Club-frameworks.sh",
				"${BUILT_PRODUCTS_DIR}/GTMSessionFetcher/GTMSessionFetcher.framework",
				"${BUILT_PRODUCTS_DIR}/GoogleToolboxForMac/GoogleToolboxForMac.framework",
				"${BUILT_PRODUCTS_DIR}/nanopb/nanopb.framework",
			);
			name = "[CP] Embed Pods Frameworks";
			outputPaths = (
				"${TARGET_BUILD_DIR}/${FRAMEWORKS_FOLDER_PATH}/GTMSessionFetcher.framework",
				"${TARGET_BUILD_DIR}/${FRAMEWORKS_FOLDER_PATH}/GoogleToolboxForMac.framework",
				"${TARGET_BUILD_DIR}/${FRAMEWORKS_FOLDER_PATH}/nanopb.framework",
			);
			runOnlyForDeploymentPostprocessing = 0;
			shellPath = /bin/sh;
			shellScript = "\"${SRCROOT}/Pods/Target Support Files/Pods-Sports Club/Pods-Sports Club-frameworks.sh\"\n";
			showEnvVarsInLog = 0;
		};
		2EAF6CBF4BC7D97ADB1822C6 /* [CP] Check Pods Manifest.lock */ = {
			isa = PBXShellScriptBuildPhase;
			buildActionMask = 2147483647;
			files = (
			);
			inputPaths = (
				"${PODS_PODFILE_DIR_PATH}/Podfile.lock",
				"${PODS_ROOT}/Manifest.lock",
			);
			name = "[CP] Check Pods Manifest.lock";
			outputPaths = (
				"$(DERIVED_FILE_DIR)/Pods-Sports ClubUITests-checkManifestLockResult.txt",
			);
			runOnlyForDeploymentPostprocessing = 0;
			shellPath = /bin/sh;
			shellScript = "diff \"${PODS_PODFILE_DIR_PATH}/Podfile.lock\" \"${PODS_ROOT}/Manifest.lock\" > /dev/null\nif [ $? != 0 ] ; then\n    # print error to STDERR\n    echo \"error: The sandbox is not in sync with the Podfile.lock. Run 'pod install' or update your CocoaPods installation.\" >&2\n    exit 1\nfi\n# This output is used by Xcode 'outputs' to avoid re-running this script phase.\necho \"SUCCESS\" > \"${SCRIPT_OUTPUT_FILE_0}\"\n";
			showEnvVarsInLog = 0;
		};
		41EF5862F8793D8066088496 /* [CP] Check Pods Manifest.lock */ = {
			isa = PBXShellScriptBuildPhase;
			buildActionMask = 2147483647;
			files = (
			);
			inputPaths = (
				"${PODS_PODFILE_DIR_PATH}/Podfile.lock",
				"${PODS_ROOT}/Manifest.lock",
			);
			name = "[CP] Check Pods Manifest.lock";
			outputPaths = (
				"$(DERIVED_FILE_DIR)/Pods-Sports ClubTests-checkManifestLockResult.txt",
			);
			runOnlyForDeploymentPostprocessing = 0;
			shellPath = /bin/sh;
			shellScript = "diff \"${PODS_PODFILE_DIR_PATH}/Podfile.lock\" \"${PODS_ROOT}/Manifest.lock\" > /dev/null\nif [ $? != 0 ] ; then\n    # print error to STDERR\n    echo \"error: The sandbox is not in sync with the Podfile.lock. Run 'pod install' or update your CocoaPods installation.\" >&2\n    exit 1\nfi\n# This output is used by Xcode 'outputs' to avoid re-running this script phase.\necho \"SUCCESS\" > \"${SCRIPT_OUTPUT_FILE_0}\"\n";
			showEnvVarsInLog = 0;
		};
		50BD364F03ABEDB5495FEB84 /* [CP] Copy Pods Resources */ = {
			isa = PBXShellScriptBuildPhase;
			buildActionMask = 2147483647;
			files = (
			);
			inputPaths = (
			);
			name = "[CP] Copy Pods Resources";
			outputPaths = (
			);
			runOnlyForDeploymentPostprocessing = 0;
			shellPath = /bin/sh;
			shellScript = "\"${SRCROOT}/Pods/Target Support Files/Pods-Sports ClubTests/Pods-Sports ClubTests-resources.sh\"\n";
			showEnvVarsInLog = 0;
		};
		926C161F393951C5648E98DD /* [CP] Check Pods Manifest.lock */ = {
			isa = PBXShellScriptBuildPhase;
			buildActionMask = 2147483647;
			files = (
			);
			inputPaths = (
				"${PODS_PODFILE_DIR_PATH}/Podfile.lock",
				"${PODS_ROOT}/Manifest.lock",
			);
			name = "[CP] Check Pods Manifest.lock";
			outputPaths = (
				"$(DERIVED_FILE_DIR)/Pods-Sports Club-checkManifestLockResult.txt",
			);
			runOnlyForDeploymentPostprocessing = 0;
			shellPath = /bin/sh;
			shellScript = "diff \"${PODS_PODFILE_DIR_PATH}/Podfile.lock\" \"${PODS_ROOT}/Manifest.lock\" > /dev/null\nif [ $? != 0 ] ; then\n    # print error to STDERR\n    echo \"error: The sandbox is not in sync with the Podfile.lock. Run 'pod install' or update your CocoaPods installation.\" >&2\n    exit 1\nfi\n# This output is used by Xcode 'outputs' to avoid re-running this script phase.\necho \"SUCCESS\" > \"${SCRIPT_OUTPUT_FILE_0}\"\n";
			showEnvVarsInLog = 0;
		};
		B1FB98ECF1DA44A726BA84CD /* [CP] Embed Pods Frameworks */ = {
			isa = PBXShellScriptBuildPhase;
			buildActionMask = 2147483647;
			files = (
			);
			inputPaths = (
			);
			name = "[CP] Embed Pods Frameworks";
			outputPaths = (
			);
			runOnlyForDeploymentPostprocessing = 0;
			shellPath = /bin/sh;
			shellScript = "\"${SRCROOT}/Pods/Target Support Files/Pods-Sports ClubTests/Pods-Sports ClubTests-frameworks.sh\"\n";
			showEnvVarsInLog = 0;
		};
		CB795D5BD253065F1DFCA797 /* [CP] Copy Pods Resources */ = {
			isa = PBXShellScriptBuildPhase;
			buildActionMask = 2147483647;
			files = (
			);
			inputPaths = (
			);
			name = "[CP] Copy Pods Resources";
			outputPaths = (
			);
			runOnlyForDeploymentPostprocessing = 0;
			shellPath = /bin/sh;
			shellScript = "\"${SRCROOT}/Pods/Target Support Files/Pods-Sports ClubUITests/Pods-Sports ClubUITests-resources.sh\"\n";
			showEnvVarsInLog = 0;
		};
		D1BCDD642762511969D322D7 /* [CP] Copy Pods Resources */ = {
			isa = PBXShellScriptBuildPhase;
			buildActionMask = 2147483647;
			files = (
			);
			inputPaths = (
				"${SRCROOT}/Pods/Target Support Files/Pods-Sports Club/Pods-Sports Club-resources.sh",
				"${PODS_CONFIGURATION_BUILD_DIR}/FirebaseUI/FirebaseAuthUI.bundle",
			);
			name = "[CP] Copy Pods Resources";
			outputPaths = (
				"${TARGET_BUILD_DIR}/${UNLOCALIZED_RESOURCES_FOLDER_PATH}/FirebaseAuthUI.bundle",
			);
			runOnlyForDeploymentPostprocessing = 0;
			shellPath = /bin/sh;
			shellScript = "\"${SRCROOT}/Pods/Target Support Files/Pods-Sports Club/Pods-Sports Club-resources.sh\"\n";
			showEnvVarsInLog = 0;
		};
/* End PBXShellScriptBuildPhase section */

/* Begin PBXSourcesBuildPhase section */
		0B10570E202E7BA8006A2DB9 /* Sources */ = {
			isa = PBXSourcesBuildPhase;
			buildActionMask = 2147483647;
			files = (
				0B105718202E7BA8006A2DB9 /* LoginViewController.swift in Sources */,
				0B10571E202E7BA8006A2DB9 /* Sports_Club.xcdatamodeld in Sources */,
				F9C00FF120383CC80098752A /* ProfileViewController.swift in Sources */,
				F9CF071D2030372600865739 /* SignupViewController.swift in Sources */,
				0B105716202E7BA8006A2DB9 /* AppDelegate.swift in Sources */,
			);
			runOnlyForDeploymentPostprocessing = 0;
		};
		0B105725202E7BA8006A2DB9 /* Sources */ = {
			isa = PBXSourcesBuildPhase;
			buildActionMask = 2147483647;
			files = (
				0B10572E202E7BA8006A2DB9 /* Sports_ClubTests.swift in Sources */,
			);
			runOnlyForDeploymentPostprocessing = 0;
		};
		0B105730202E7BA8006A2DB9 /* Sources */ = {
			isa = PBXSourcesBuildPhase;
			buildActionMask = 2147483647;
			files = (
				0B105739202E7BA8006A2DB9 /* Sports_ClubUITests.swift in Sources */,
			);
			runOnlyForDeploymentPostprocessing = 0;
		};
/* End PBXSourcesBuildPhase section */

/* Begin PBXTargetDependency section */
		0B10572B202E7BA8006A2DB9 /* PBXTargetDependency */ = {
			isa = PBXTargetDependency;
			target = 0B105711202E7BA8006A2DB9 /* Sports Club */;
			targetProxy = 0B10572A202E7BA8006A2DB9 /* PBXContainerItemProxy */;
		};
		0B105736202E7BA8006A2DB9 /* PBXTargetDependency */ = {
			isa = PBXTargetDependency;
			target = 0B105711202E7BA8006A2DB9 /* Sports Club */;
			targetProxy = 0B105735202E7BA8006A2DB9 /* PBXContainerItemProxy */;
		};
/* End PBXTargetDependency section */

/* Begin PBXVariantGroup section */
		0B105719202E7BA8006A2DB9 /* Main.storyboard */ = {
			isa = PBXVariantGroup;
			children = (
				0B10571A202E7BA8006A2DB9 /* Base */,
			);
			name = Main.storyboard;
			sourceTree = "<group>";
		};
		0B105721202E7BA8006A2DB9 /* LaunchScreen.storyboard */ = {
			isa = PBXVariantGroup;
			children = (
				0B105722202E7BA8006A2DB9 /* Base */,
			);
			name = LaunchScreen.storyboard;
			sourceTree = "<group>";
		};
/* End PBXVariantGroup section */

/* Begin XCBuildConfiguration section */
		0B10573B202E7BA8006A2DB9 /* Debug */ = {
			isa = XCBuildConfiguration;
			buildSettings = {
				ALWAYS_SEARCH_USER_PATHS = NO;
				CLANG_ANALYZER_NONNULL = YES;
				CLANG_ANALYZER_NUMBER_OBJECT_CONVERSION = YES_AGGRESSIVE;
				CLANG_CXX_LANGUAGE_STANDARD = "gnu++14";
				CLANG_CXX_LIBRARY = "libc++";
				CLANG_ENABLE_MODULES = YES;
				CLANG_ENABLE_OBJC_ARC = YES;
				CLANG_WARN_BLOCK_CAPTURE_AUTORELEASING = YES;
				CLANG_WARN_BOOL_CONVERSION = YES;
				CLANG_WARN_COMMA = YES;
				CLANG_WARN_CONSTANT_CONVERSION = YES;
				CLANG_WARN_DIRECT_OBJC_ISA_USAGE = YES_ERROR;
				CLANG_WARN_DOCUMENTATION_COMMENTS = YES;
				CLANG_WARN_EMPTY_BODY = YES;
				CLANG_WARN_ENUM_CONVERSION = YES;
				CLANG_WARN_INFINITE_RECURSION = YES;
				CLANG_WARN_INT_CONVERSION = YES;
				CLANG_WARN_NON_LITERAL_NULL_CONVERSION = YES;
				CLANG_WARN_OBJC_LITERAL_CONVERSION = YES;
				CLANG_WARN_OBJC_ROOT_CLASS = YES_ERROR;
				CLANG_WARN_RANGE_LOOP_ANALYSIS = YES;
				CLANG_WARN_STRICT_PROTOTYPES = YES;
				CLANG_WARN_SUSPICIOUS_MOVE = YES;
				CLANG_WARN_UNGUARDED_AVAILABILITY = YES_AGGRESSIVE;
				CLANG_WARN_UNREACHABLE_CODE = YES;
				CLANG_WARN__DUPLICATE_METHOD_MATCH = YES;
				CODE_SIGN_IDENTITY = "iPhone Developer";
				COPY_PHASE_STRIP = NO;
				DEBUG_INFORMATION_FORMAT = dwarf;
				ENABLE_STRICT_OBJC_MSGSEND = YES;
				ENABLE_TESTABILITY = YES;
				GCC_C_LANGUAGE_STANDARD = gnu11;
				GCC_DYNAMIC_NO_PIC = NO;
				GCC_NO_COMMON_BLOCKS = YES;
				GCC_OPTIMIZATION_LEVEL = 0;
				GCC_PREPROCESSOR_DEFINITIONS = (
					"DEBUG=1",
					"$(inherited)",
				);
				GCC_WARN_64_TO_32_BIT_CONVERSION = YES;
				GCC_WARN_ABOUT_RETURN_TYPE = YES_ERROR;
				GCC_WARN_UNDECLARED_SELECTOR = YES;
				GCC_WARN_UNINITIALIZED_AUTOS = YES_AGGRESSIVE;
				GCC_WARN_UNUSED_FUNCTION = YES;
				GCC_WARN_UNUSED_VARIABLE = YES;
				IPHONEOS_DEPLOYMENT_TARGET = 11.2;
				MTL_ENABLE_DEBUG_INFO = YES;
				ONLY_ACTIVE_ARCH = YES;
				SDKROOT = iphoneos;
				SWIFT_ACTIVE_COMPILATION_CONDITIONS = DEBUG;
				SWIFT_OPTIMIZATION_LEVEL = "-Onone";
			};
			name = Debug;
		};
		0B10573C202E7BA8006A2DB9 /* Release */ = {
			isa = XCBuildConfiguration;
			buildSettings = {
				ALWAYS_SEARCH_USER_PATHS = NO;
				CLANG_ANALYZER_NONNULL = YES;
				CLANG_ANALYZER_NUMBER_OBJECT_CONVERSION = YES_AGGRESSIVE;
				CLANG_CXX_LANGUAGE_STANDARD = "gnu++14";
				CLANG_CXX_LIBRARY = "libc++";
				CLANG_ENABLE_MODULES = YES;
				CLANG_ENABLE_OBJC_ARC = YES;
				CLANG_WARN_BLOCK_CAPTURE_AUTORELEASING = YES;
				CLANG_WARN_BOOL_CONVERSION = YES;
				CLANG_WARN_COMMA = YES;
				CLANG_WARN_CONSTANT_CONVERSION = YES;
				CLANG_WARN_DIRECT_OBJC_ISA_USAGE = YES_ERROR;
				CLANG_WARN_DOCUMENTATION_COMMENTS = YES;
				CLANG_WARN_EMPTY_BODY = YES;
				CLANG_WARN_ENUM_CONVERSION = YES;
				CLANG_WARN_INFINITE_RECURSION = YES;
				CLANG_WARN_INT_CONVERSION = YES;
				CLANG_WARN_NON_LITERAL_NULL_CONVERSION = YES;
				CLANG_WARN_OBJC_LITERAL_CONVERSION = YES;
				CLANG_WARN_OBJC_ROOT_CLASS = YES_ERROR;
				CLANG_WARN_RANGE_LOOP_ANALYSIS = YES;
				CLANG_WARN_STRICT_PROTOTYPES = YES;
				CLANG_WARN_SUSPICIOUS_MOVE = YES;
				CLANG_WARN_UNGUARDED_AVAILABILITY = YES_AGGRESSIVE;
				CLANG_WARN_UNREACHABLE_CODE = YES;
				CLANG_WARN__DUPLICATE_METHOD_MATCH = YES;
				CODE_SIGN_IDENTITY = "iPhone Developer";
				COPY_PHASE_STRIP = NO;
				DEBUG_INFORMATION_FORMAT = "dwarf-with-dsym";
				ENABLE_NS_ASSERTIONS = NO;
				ENABLE_STRICT_OBJC_MSGSEND = YES;
				GCC_C_LANGUAGE_STANDARD = gnu11;
				GCC_NO_COMMON_BLOCKS = YES;
				GCC_WARN_64_TO_32_BIT_CONVERSION = YES;
				GCC_WARN_ABOUT_RETURN_TYPE = YES_ERROR;
				GCC_WARN_UNDECLARED_SELECTOR = YES;
				GCC_WARN_UNINITIALIZED_AUTOS = YES_AGGRESSIVE;
				GCC_WARN_UNUSED_FUNCTION = YES;
				GCC_WARN_UNUSED_VARIABLE = YES;
				IPHONEOS_DEPLOYMENT_TARGET = 11.2;
				MTL_ENABLE_DEBUG_INFO = NO;
				SDKROOT = iphoneos;
				SWIFT_OPTIMIZATION_LEVEL = "-Owholemodule";
				VALIDATE_PRODUCT = YES;
			};
			name = Release;
		};
		0B10573E202E7BA8006A2DB9 /* Debug */ = {
			isa = XCBuildConfiguration;
			baseConfigurationReference = ED82947AE74D8F3DAC82C0FD /* Pods-Sports Club.debug.xcconfig */;
			buildSettings = {
				ASSETCATALOG_COMPILER_APPICON_NAME = AppIcon;
				"CODE_SIGN_IDENTITY[sdk=iphoneos*]" = "iPhone Developer";
				CODE_SIGN_STYLE = Automatic;
				DEVELOPMENT_TEAM = RJN6CETE7F;
				INFOPLIST_FILE = "Sports Club/Info.plist";
				IPHONEOS_DEPLOYMENT_TARGET = 10.1;
				LD_RUNPATH_SEARCH_PATHS = "$(inherited) @executable_path/Frameworks";
				OTHER_LDFLAGS = (
					"$(inherited)",
					"-ObjC",
					"-l\"c++\"",
					"-l\"sqlite3\"",
					"-l\"z\"",
					"-framework",
					"\"FirebaseAnalytics\"",
					"-framework",
					"\"FirebaseAuth\"",
					"-framework",
					"\"FirebaseAuthUI\"",
					"-framework",
					"\"FirebaseCore\"",
					"-framework",
					"\"FirebaseCoreDiagnostics\"",
					"-framework",
					"\"FirebaseInstanceID\"",
					"-framework",
					"\"FirebaseNanoPB\"",
					"-framework",
					"\"GTMSessionFetcher\"",
					"-framework",
					"\"GoogleToolboxForMac\"",
					"-framework",
					"\"SafariServices\"",
					"-framework",
					"\"Security\"",
					"-framework",
					"\"StoreKit\"",
					"-framework",
					"\"SystemConfiguration\"",
					"-framework",
					"\"UIKit\"",
					"-framework",
					"\"nanopb\"",
				);
				PRODUCT_BUNDLE_IDENTIFIER = com.ustesports.SportsClub;
				PRODUCT_NAME = "$(TARGET_NAME)";
				PROVISIONING_PROFILE_SPECIFIER = "";
				SWIFT_VERSION = 4.0;
				TARGETED_DEVICE_FAMILY = "1,2";
			};
			name = Debug;
		};
		0B10573F202E7BA8006A2DB9 /* Release */ = {
			isa = XCBuildConfiguration;
			baseConfigurationReference = A623E04B983AE6440CAA1D05 /* Pods-Sports Club.release.xcconfig */;
			buildSettings = {
				ASSETCATALOG_COMPILER_APPICON_NAME = AppIcon;
				"CODE_SIGN_IDENTITY[sdk=iphoneos*]" = "iPhone Developer";
				CODE_SIGN_STYLE = Automatic;
				DEVELOPMENT_TEAM = RJN6CETE7F;
				INFOPLIST_FILE = "Sports Club/Info.plist";
				IPHONEOS_DEPLOYMENT_TARGET = 10.1;
				LD_RUNPATH_SEARCH_PATHS = "$(inherited) @executable_path/Frameworks";
				OTHER_LDFLAGS = (
					"$(inherited)",
					"-ObjC",
					"-l\"c++\"",
					"-l\"sqlite3\"",
					"-l\"z\"",
					"-framework",
					"\"FirebaseAnalytics\"",
					"-framework",
					"\"FirebaseAuth\"",
					"-framework",
					"\"FirebaseAuthUI\"",
					"-framework",
					"\"FirebaseCore\"",
					"-framework",
					"\"FirebaseCoreDiagnostics\"",
					"-framework",
					"\"FirebaseInstanceID\"",
					"-framework",
					"\"FirebaseNanoPB\"",
					"-framework",
					"\"GTMSessionFetcher\"",
					"-framework",
					"\"GoogleToolboxForMac\"",
					"-framework",
					"\"SafariServices\"",
					"-framework",
					"\"Security\"",
					"-framework",
					"\"StoreKit\"",
					"-framework",
					"\"SystemConfiguration\"",
					"-framework",
					"\"UIKit\"",
					"-framework",
					"\"nanopb\"",
				);
				PRODUCT_BUNDLE_IDENTIFIER = com.ustesports.SportsClub;
				PRODUCT_NAME = "$(TARGET_NAME)";
				PROVISIONING_PROFILE_SPECIFIER = "";
				SWIFT_VERSION = 4.0;
				TARGETED_DEVICE_FAMILY = "1,2";
			};
			name = Release;
		};
		0B105741202E7BA8006A2DB9 /* Debug */ = {
			isa = XCBuildConfiguration;
			baseConfigurationReference = 259037C249711639F588270F /* Pods-Sports ClubTests.debug.xcconfig */;
			buildSettings = {
				ALWAYS_EMBED_SWIFT_STANDARD_LIBRARIES = YES;
				BUNDLE_LOADER = "$(TEST_HOST)";
				CODE_SIGN_STYLE = Automatic;
				DEVELOPMENT_TEAM = RJN6CETE7F;
				INFOPLIST_FILE = "Sports ClubTests/Info.plist";
				LD_RUNPATH_SEARCH_PATHS = "$(inherited) @executable_path/Frameworks @loader_path/Frameworks";
				PRODUCT_BUNDLE_IDENTIFIER = "com.ustesports.Sports-ClubTests";
				PRODUCT_NAME = "$(TARGET_NAME)";
				SWIFT_VERSION = 4.0;
				TARGETED_DEVICE_FAMILY = "1,2";
				TEST_HOST = "$(BUILT_PRODUCTS_DIR)/Sports Club.app/Sports Club";
			};
			name = Debug;
		};
		0B105742202E7BA8006A2DB9 /* Release */ = {
			isa = XCBuildConfiguration;
			baseConfigurationReference = 5AA525F34C701B899345AF72 /* Pods-Sports ClubTests.release.xcconfig */;
			buildSettings = {
				ALWAYS_EMBED_SWIFT_STANDARD_LIBRARIES = YES;
				BUNDLE_LOADER = "$(TEST_HOST)";
				CODE_SIGN_STYLE = Automatic;
				DEVELOPMENT_TEAM = RJN6CETE7F;
				INFOPLIST_FILE = "Sports ClubTests/Info.plist";
				LD_RUNPATH_SEARCH_PATHS = "$(inherited) @executable_path/Frameworks @loader_path/Frameworks";
				PRODUCT_BUNDLE_IDENTIFIER = "com.ustesports.Sports-ClubTests";
				PRODUCT_NAME = "$(TARGET_NAME)";
				SWIFT_VERSION = 4.0;
				TARGETED_DEVICE_FAMILY = "1,2";
				TEST_HOST = "$(BUILT_PRODUCTS_DIR)/Sports Club.app/Sports Club";
			};
			name = Release;
		};
		0B105744202E7BA8006A2DB9 /* Debug */ = {
			isa = XCBuildConfiguration;
			baseConfigurationReference = 4C24548D301EE601F6BBDD82 /* Pods-Sports ClubUITests.debug.xcconfig */;
			buildSettings = {
				ALWAYS_EMBED_SWIFT_STANDARD_LIBRARIES = YES;
				CODE_SIGN_STYLE = Automatic;
				DEVELOPMENT_TEAM = RJN6CETE7F;
				INFOPLIST_FILE = "Sports ClubUITests/Info.plist";
				LD_RUNPATH_SEARCH_PATHS = "$(inherited) @executable_path/Frameworks @loader_path/Frameworks";
				PRODUCT_BUNDLE_IDENTIFIER = "com.ustesports.Sports-ClubUITests";
				PRODUCT_NAME = "$(TARGET_NAME)";
				SWIFT_VERSION = 4.0;
				TARGETED_DEVICE_FAMILY = "1,2";
				TEST_TARGET_NAME = "Sports Club";
			};
			name = Debug;
		};
		0B105745202E7BA8006A2DB9 /* Release */ = {
			isa = XCBuildConfiguration;
			baseConfigurationReference = 0DE69F1FE502DA36596F3A18 /* Pods-Sports ClubUITests.release.xcconfig */;
			buildSettings = {
				ALWAYS_EMBED_SWIFT_STANDARD_LIBRARIES = YES;
				CODE_SIGN_STYLE = Automatic;
				DEVELOPMENT_TEAM = RJN6CETE7F;
				INFOPLIST_FILE = "Sports ClubUITests/Info.plist";
				LD_RUNPATH_SEARCH_PATHS = "$(inherited) @executable_path/Frameworks @loader_path/Frameworks";
				PRODUCT_BUNDLE_IDENTIFIER = "com.ustesports.Sports-ClubUITests";
				PRODUCT_NAME = "$(TARGET_NAME)";
				SWIFT_VERSION = 4.0;
				TARGETED_DEVICE_FAMILY = "1,2";
				TEST_TARGET_NAME = "Sports Club";
			};
			name = Release;
		};
/* End XCBuildConfiguration section */

/* Begin XCConfigurationList section */
		0B10570D202E7BA8006A2DB9 /* Build configuration list for PBXProject "Sports Club" */ = {
			isa = XCConfigurationList;
			buildConfigurations = (
				0B10573B202E7BA8006A2DB9 /* Debug */,
				0B10573C202E7BA8006A2DB9 /* Release */,
			);
			defaultConfigurationIsVisible = 0;
			defaultConfigurationName = Release;
		};
		0B10573D202E7BA8006A2DB9 /* Build configuration list for PBXNativeTarget "Sports Club" */ = {
			isa = XCConfigurationList;
			buildConfigurations = (
				0B10573E202E7BA8006A2DB9 /* Debug */,
				0B10573F202E7BA8006A2DB9 /* Release */,
			);
			defaultConfigurationIsVisible = 0;
			defaultConfigurationName = Release;
		};
		0B105740202E7BA8006A2DB9 /* Build configuration list for PBXNativeTarget "Sports ClubTests" */ = {
			isa = XCConfigurationList;
			buildConfigurations = (
				0B105741202E7BA8006A2DB9 /* Debug */,
				0B105742202E7BA8006A2DB9 /* Release */,
			);
			defaultConfigurationIsVisible = 0;
			defaultConfigurationName = Release;
		};
		0B105743202E7BA8006A2DB9 /* Build configuration list for PBXNativeTarget "Sports ClubUITests" */ = {
			isa = XCConfigurationList;
			buildConfigurations = (
				0B105744202E7BA8006A2DB9 /* Debug */,
				0B105745202E7BA8006A2DB9 /* Release */,
			);
			defaultConfigurationIsVisible = 0;
			defaultConfigurationName = Release;
		};
/* End XCConfigurationList section */

/* Begin XCVersionGroup section */
		0B10571C202E7BA8006A2DB9 /* Sports_Club.xcdatamodeld */ = {
			isa = XCVersionGroup;
			children = (
				0B10571D202E7BA8006A2DB9 /* Sports_Club.xcdatamodel */,
			);
			currentVersion = 0B10571D202E7BA8006A2DB9 /* Sports_Club.xcdatamodel */;
			path = Sports_Club.xcdatamodeld;
			sourceTree = "<group>";
			versionGroupType = wrapper.xcdatamodel;
		};
/* End XCVersionGroup section */
	};
	rootObject = 0B10570A202E7BA8006A2DB9 /* Project object */;
}
